// !$*UTF8*$!
{
	archiveVersion = 1;
	classes = {
	};
	objectVersion = 56;
	objects = {

/* Begin PBXBuildFile section */
		E6AB6BB3296C91FD00951C77 /* Ridna_MovaApp.swift in Sources */ = {isa = PBXBuildFile; fileRef = E6AB6BB2296C91FD00951C77 /* Ridna_MovaApp.swift */; };
		E6AB6BB7296C91FE00951C77 /* Assets.xcassets in Resources */ = {isa = PBXBuildFile; fileRef = E6AB6BB6296C91FE00951C77 /* Assets.xcassets */; };
		E6AB6BBA296C91FE00951C77 /* Preview Assets.xcassets in Resources */ = {isa = PBXBuildFile; fileRef = E6AB6BB9296C91FE00951C77 /* Preview Assets.xcassets */; };
		E6AB6BC4296C91FE00951C77 /* Ridna_MovaTests.swift in Sources */ = {isa = PBXBuildFile; fileRef = E6AB6BC3296C91FE00951C77 /* Ridna_MovaTests.swift */; };
		E6AB6BCE296C91FE00951C77 /* Ridna_MovaUITests.swift in Sources */ = {isa = PBXBuildFile; fileRef = E6AB6BCD296C91FE00951C77 /* Ridna_MovaUITests.swift */; };
		E6AB6BD0296C91FE00951C77 /* Ridna_MovaUITestsLaunchTests.swift in Sources */ = {isa = PBXBuildFile; fileRef = E6AB6BCF296C91FE00951C77 /* Ridna_MovaUITestsLaunchTests.swift */; };
		E6AB6BE2296C9D5500951C77 /* HowToPlayLogic.swift in Sources */ = {isa = PBXBuildFile; fileRef = E6AB6BE1296C9D5500951C77 /* HowToPlayLogic.swift */; };
		E6AB6BE4296C9D9000951C77 /* MainMenuLogic.swift in Sources */ = {isa = PBXBuildFile; fileRef = E6AB6BE3296C9D9000951C77 /* MainMenuLogic.swift */; };
		E6AB6BE6296C9DDE00951C77 /* StartupViewLogic.swift in Sources */ = {isa = PBXBuildFile; fileRef = E6AB6BE5296C9DDE00951C77 /* StartupViewLogic.swift */; };
		E6AB6BE8296C9E2900951C77 /* GameLogic.swift in Sources */ = {isa = PBXBuildFile; fileRef = E6AB6BE7296C9E2900951C77 /* GameLogic.swift */; };
		E6AB6BEA296C9E8D00951C77 /* SpeechSynthesizer.swift in Sources */ = {isa = PBXBuildFile; fileRef = E6AB6BE9296C9E8D00951C77 /* SpeechSynthesizer.swift */; };
		E6AB6BEC296C9EEB00951C77 /* PopUp.swift in Sources */ = {isa = PBXBuildFile; fileRef = E6AB6BEB296C9EEB00951C77 /* PopUp.swift */; };
		E6AB6BEE296C9F5900951C77 /* GameViewModel.swift in Sources */ = {isa = PBXBuildFile; fileRef = E6AB6BED296C9F5900951C77 /* GameViewModel.swift */; };
		E6AB6BF0296CA04300951C77 /* StartupViewModel.swift in Sources */ = {isa = PBXBuildFile; fileRef = E6AB6BEF296CA04300951C77 /* StartupViewModel.swift */; };
		E6AB6BF2296CA0B700951C77 /* MainMenuViewModel.swift in Sources */ = {isa = PBXBuildFile; fileRef = E6AB6BF1296CA0B700951C77 /* MainMenuViewModel.swift */; };
		E6AB6BF4296CA0E400951C77 /* HowToPlayViewModel.swift in Sources */ = {isa = PBXBuildFile; fileRef = E6AB6BF3296CA0E400951C77 /* HowToPlayViewModel.swift */; };
		E6AB6BF6296CA1B900951C77 /* HowToPlay.swift in Sources */ = {isa = PBXBuildFile; fileRef = E6AB6BF5296CA1B900951C77 /* HowToPlay.swift */; };
		E6AB6BF8296CA27B00951C77 /* EndOfGameView.swift in Sources */ = {isa = PBXBuildFile; fileRef = E6AB6BF7296CA27B00951C77 /* EndOfGameView.swift */; };
		E6AB6BFB296CA33C00951C77 /* UkrPlaySoundButton.swift in Sources */ = {isa = PBXBuildFile; fileRef = E6AB6BFA296CA33C00951C77 /* UkrPlaySoundButton.swift */; };
		E6AB6BFD296CA3A400951C77 /* BlackButton.swift in Sources */ = {isa = PBXBuildFile; fileRef = E6AB6BFC296CA3A400951C77 /* BlackButton.swift */; };
		E6AB6C00296CA42100951C77 /* VStackExtensions.swift in Sources */ = {isa = PBXBuildFile; fileRef = E6AB6BFF296CA42100951C77 /* VStackExtensions.swift */; };
		E6AB6C02296CA55200951C77 /* StartupView.swift in Sources */ = {isa = PBXBuildFile; fileRef = E6AB6C01296CA55200951C77 /* StartupView.swift */; };
		E6AB6C04296CA5AA00951C77 /* CorrectAnswer.swift in Sources */ = {isa = PBXBuildFile; fileRef = E6AB6C03296CA5AA00951C77 /* CorrectAnswer.swift */; };
		E6AB6C07296CA5DF00951C77 /* IncorrectAnswer.swift in Sources */ = {isa = PBXBuildFile; fileRef = E6AB6C06296CA5DF00951C77 /* IncorrectAnswer.swift */; };
		E6AB6C09296CA64200951C77 /* CurrRoundView.swift in Sources */ = {isa = PBXBuildFile; fileRef = E6AB6C08296CA64200951C77 /* CurrRoundView.swift */; };
		E6AB6C0B296CA69100951C77 /* PictureGrid.swift in Sources */ = {isa = PBXBuildFile; fileRef = E6AB6C0A296CA69100951C77 /* PictureGrid.swift */; };
		E6AB6C0D296CA6FA00951C77 /* CurrentStageAnswer.swift in Sources */ = {isa = PBXBuildFile; fileRef = E6AB6C0C296CA6FA00951C77 /* CurrentStageAnswer.swift */; };
		E6AB6C0F296CA73200951C77 /* TopBar.swift in Sources */ = {isa = PBXBuildFile; fileRef = E6AB6C0E296CA73200951C77 /* TopBar.swift */; };
		E6AB6C11296CA78800951C77 /* Rules.swift in Sources */ = {isa = PBXBuildFile; fileRef = E6AB6C10296CA78800951C77 /* Rules.swift */; };
		E6AB6C13296CA7DD00951C77 /* GameView.swift in Sources */ = {isa = PBXBuildFile; fileRef = E6AB6C12296CA7DD00951C77 /* GameView.swift */; };
		E6AB6C15296CA85A00951C77 /* MainMenu.swift in Sources */ = {isa = PBXBuildFile; fileRef = E6AB6C14296CA85A00951C77 /* MainMenu.swift */; };
		E6B058B7296CACAB00F87A38 /* food.txt in Resources */ = {isa = PBXBuildFile; fileRef = E6B058B6296CACAB00F87A38 /* food.txt */; };
		E6B058B9296CACDF00F87A38 /* animals.txt in Resources */ = {isa = PBXBuildFile; fileRef = E6B058B8296CACDF00F87A38 /* animals.txt */; };
		E6B058C1296CAF5A00F87A38 /* Localizable.strings in Resources */ = {isa = PBXBuildFile; fileRef = E6B058C3296CAF5A00F87A38 /* Localizable.strings */; };
		E6B058C5296CD0F300F87A38 /* PlayHint.swift in Sources */ = {isa = PBXBuildFile; fileRef = E6B058C4296CD0F300F87A38 /* PlayHint.swift */; };
/* End PBXBuildFile section */

/* Begin PBXContainerItemProxy section */
		E6AB6BC0296C91FE00951C77 /* PBXContainerItemProxy */ = {
			isa = PBXContainerItemProxy;
			containerPortal = E6AB6BA7296C91FD00951C77 /* Project object */;
			proxyType = 1;
			remoteGlobalIDString = E6AB6BAE296C91FD00951C77;
			remoteInfo = "Ridna Mova";
		};
		E6AB6BCA296C91FE00951C77 /* PBXContainerItemProxy */ = {
			isa = PBXContainerItemProxy;
			containerPortal = E6AB6BA7296C91FD00951C77 /* Project object */;
			proxyType = 1;
			remoteGlobalIDString = E6AB6BAE296C91FD00951C77;
			remoteInfo = "Ridna Mova";
		};
/* End PBXContainerItemProxy section */

/* Begin PBXFileReference section */
		E6AB6BAF296C91FD00951C77 /* Ridna Mova.app */ = {isa = PBXFileReference; explicitFileType = wrapper.application; includeInIndex = 0; path = "Ridna Mova.app"; sourceTree = BUILT_PRODUCTS_DIR; };
		E6AB6BB2296C91FD00951C77 /* Ridna_MovaApp.swift */ = {isa = PBXFileReference; lastKnownFileType = sourcecode.swift; path = Ridna_MovaApp.swift; sourceTree = "<group>"; };
		E6AB6BB6296C91FE00951C77 /* Assets.xcassets */ = {isa = PBXFileReference; lastKnownFileType = folder.assetcatalog; path = Assets.xcassets; sourceTree = "<group>"; };
		E6AB6BB9296C91FE00951C77 /* Preview Assets.xcassets */ = {isa = PBXFileReference; lastKnownFileType = folder.assetcatalog; path = "Preview Assets.xcassets"; sourceTree = "<group>"; };
		E6AB6BBF296C91FE00951C77 /* Ridna MovaTests.xctest */ = {isa = PBXFileReference; explicitFileType = wrapper.cfbundle; includeInIndex = 0; path = "Ridna MovaTests.xctest"; sourceTree = BUILT_PRODUCTS_DIR; };
		E6AB6BC3296C91FE00951C77 /* Ridna_MovaTests.swift */ = {isa = PBXFileReference; lastKnownFileType = sourcecode.swift; path = Ridna_MovaTests.swift; sourceTree = "<group>"; };
		E6AB6BC9296C91FE00951C77 /* Ridna MovaUITests.xctest */ = {isa = PBXFileReference; explicitFileType = wrapper.cfbundle; includeInIndex = 0; path = "Ridna MovaUITests.xctest"; sourceTree = BUILT_PRODUCTS_DIR; };
		E6AB6BCD296C91FE00951C77 /* Ridna_MovaUITests.swift */ = {isa = PBXFileReference; lastKnownFileType = sourcecode.swift; path = Ridna_MovaUITests.swift; sourceTree = "<group>"; };
		E6AB6BCF296C91FE00951C77 /* Ridna_MovaUITestsLaunchTests.swift */ = {isa = PBXFileReference; lastKnownFileType = sourcecode.swift; path = Ridna_MovaUITestsLaunchTests.swift; sourceTree = "<group>"; };
		E6AB6BE1296C9D5500951C77 /* HowToPlayLogic.swift */ = {isa = PBXFileReference; lastKnownFileType = sourcecode.swift; path = HowToPlayLogic.swift; sourceTree = "<group>"; };
		E6AB6BE3296C9D9000951C77 /* MainMenuLogic.swift */ = {isa = PBXFileReference; lastKnownFileType = sourcecode.swift; path = MainMenuLogic.swift; sourceTree = "<group>"; };
		E6AB6BE5296C9DDE00951C77 /* StartupViewLogic.swift */ = {isa = PBXFileReference; lastKnownFileType = sourcecode.swift; path = StartupViewLogic.swift; sourceTree = "<group>"; };
		E6AB6BE7296C9E2900951C77 /* GameLogic.swift */ = {isa = PBXFileReference; lastKnownFileType = sourcecode.swift; path = GameLogic.swift; sourceTree = "<group>"; };
		E6AB6BE9296C9E8D00951C77 /* SpeechSynthesizer.swift */ = {isa = PBXFileReference; lastKnownFileType = sourcecode.swift; path = SpeechSynthesizer.swift; sourceTree = "<group>"; };
		E6AB6BEB296C9EEB00951C77 /* PopUp.swift */ = {isa = PBXFileReference; lastKnownFileType = sourcecode.swift; path = PopUp.swift; sourceTree = "<group>"; };
		E6AB6BED296C9F5900951C77 /* GameViewModel.swift */ = {isa = PBXFileReference; lastKnownFileType = sourcecode.swift; path = GameViewModel.swift; sourceTree = "<group>"; };
		E6AB6BEF296CA04300951C77 /* StartupViewModel.swift */ = {isa = PBXFileReference; lastKnownFileType = sourcecode.swift; path = StartupViewModel.swift; sourceTree = "<group>"; };
		E6AB6BF1296CA0B700951C77 /* MainMenuViewModel.swift */ = {isa = PBXFileReference; lastKnownFileType = sourcecode.swift; path = MainMenuViewModel.swift; sourceTree = "<group>"; };
		E6AB6BF3296CA0E400951C77 /* HowToPlayViewModel.swift */ = {isa = PBXFileReference; lastKnownFileType = sourcecode.swift; path = HowToPlayViewModel.swift; sourceTree = "<group>"; };
		E6AB6BF5296CA1B900951C77 /* HowToPlay.swift */ = {isa = PBXFileReference; lastKnownFileType = sourcecode.swift; path = HowToPlay.swift; sourceTree = "<group>"; };
		E6AB6BF7296CA27B00951C77 /* EndOfGameView.swift */ = {isa = PBXFileReference; lastKnownFileType = sourcecode.swift; path = EndOfGameView.swift; sourceTree = "<group>"; };
		E6AB6BFA296CA33C00951C77 /* UkrPlaySoundButton.swift */ = {isa = PBXFileReference; lastKnownFileType = sourcecode.swift; path = UkrPlaySoundButton.swift; sourceTree = "<group>"; };
		E6AB6BFC296CA3A400951C77 /* BlackButton.swift */ = {isa = PBXFileReference; lastKnownFileType = sourcecode.swift; path = BlackButton.swift; sourceTree = "<group>"; };
		E6AB6BFF296CA42100951C77 /* VStackExtensions.swift */ = {isa = PBXFileReference; lastKnownFileType = sourcecode.swift; path = VStackExtensions.swift; sourceTree = "<group>"; };
		E6AB6C01296CA55200951C77 /* StartupView.swift */ = {isa = PBXFileReference; lastKnownFileType = sourcecode.swift; path = StartupView.swift; sourceTree = "<group>"; };
		E6AB6C03296CA5AA00951C77 /* CorrectAnswer.swift */ = {isa = PBXFileReference; lastKnownFileType = sourcecode.swift; path = CorrectAnswer.swift; sourceTree = "<group>"; };
		E6AB6C06296CA5DF00951C77 /* IncorrectAnswer.swift */ = {isa = PBXFileReference; lastKnownFileType = sourcecode.swift; path = IncorrectAnswer.swift; sourceTree = "<group>"; };
		E6AB6C08296CA64200951C77 /* CurrRoundView.swift */ = {isa = PBXFileReference; lastKnownFileType = sourcecode.swift; path = CurrRoundView.swift; sourceTree = "<group>"; };
		E6AB6C0A296CA69100951C77 /* PictureGrid.swift */ = {isa = PBXFileReference; lastKnownFileType = sourcecode.swift; path = PictureGrid.swift; sourceTree = "<group>"; };
		E6AB6C0C296CA6FA00951C77 /* CurrentStageAnswer.swift */ = {isa = PBXFileReference; lastKnownFileType = sourcecode.swift; path = CurrentStageAnswer.swift; sourceTree = "<group>"; };
		E6AB6C0E296CA73200951C77 /* TopBar.swift */ = {isa = PBXFileReference; lastKnownFileType = sourcecode.swift; path = TopBar.swift; sourceTree = "<group>"; };
		E6AB6C10296CA78800951C77 /* Rules.swift */ = {isa = PBXFileReference; lastKnownFileType = sourcecode.swift; path = Rules.swift; sourceTree = "<group>"; };
		E6AB6C12296CA7DD00951C77 /* GameView.swift */ = {isa = PBXFileReference; lastKnownFileType = sourcecode.swift; path = GameView.swift; sourceTree = "<group>"; };
		E6AB6C14296CA85A00951C77 /* MainMenu.swift */ = {isa = PBXFileReference; lastKnownFileType = sourcecode.swift; path = MainMenu.swift; sourceTree = "<group>"; };
		E6B058B6296CACAB00F87A38 /* food.txt */ = {isa = PBXFileReference; fileEncoding = 4; lastKnownFileType = text; path = food.txt; sourceTree = "<group>"; };
		E6B058B8296CACDF00F87A38 /* animals.txt */ = {isa = PBXFileReference; fileEncoding = 4; lastKnownFileType = text; path = animals.txt; sourceTree = "<group>"; };
		E6B058C2296CAF5A00F87A38 /* en */ = {isa = PBXFileReference; lastKnownFileType = text.plist.strings; name = en; path = en.lproj/Localizable.strings; sourceTree = "<group>"; };
		E6B058C4296CD0F300F87A38 /* PlayHint.swift */ = {isa = PBXFileReference; lastKnownFileType = sourcecode.swift; path = PlayHint.swift; sourceTree = "<group>"; };
/* End PBXFileReference section */

/* Begin PBXFrameworksBuildPhase section */
		E6AB6BAC296C91FD00951C77 /* Frameworks */ = {
			isa = PBXFrameworksBuildPhase;
			buildActionMask = 2147483647;
			files = (
			);
			runOnlyForDeploymentPostprocessing = 0;
		};
		E6AB6BBC296C91FE00951C77 /* Frameworks */ = {
			isa = PBXFrameworksBuildPhase;
			buildActionMask = 2147483647;
			files = (
			);
			runOnlyForDeploymentPostprocessing = 0;
		};
		E6AB6BC6296C91FE00951C77 /* Frameworks */ = {
			isa = PBXFrameworksBuildPhase;
			buildActionMask = 2147483647;
			files = (
			);
			runOnlyForDeploymentPostprocessing = 0;
		};
/* End PBXFrameworksBuildPhase section */

/* Begin PBXGroup section */
		E6AB6BA6296C91FD00951C77 = {
			isa = PBXGroup;
			children = (
				E6AB6BB1296C91FD00951C77 /* Ridna Mova */,
				E6AB6BC2296C91FE00951C77 /* Ridna MovaTests */,
				E6AB6BCC296C91FE00951C77 /* Ridna MovaUITests */,
				E6AB6BB0296C91FD00951C77 /* Products */,
			);
			sourceTree = "<group>";
		};
		E6AB6BB0296C91FD00951C77 /* Products */ = {
			isa = PBXGroup;
			children = (
				E6AB6BAF296C91FD00951C77 /* Ridna Mova.app */,
				E6AB6BBF296C91FE00951C77 /* Ridna MovaTests.xctest */,
				E6AB6BC9296C91FE00951C77 /* Ridna MovaUITests.xctest */,
			);
			name = Products;
			sourceTree = "<group>";
		};
		E6AB6BB1296C91FD00951C77 /* Ridna Mova */ = {
			isa = PBXGroup;
			children = (
				E6AB6BDE296C9A3000951C77 /* Views */,
				E6AB6BE0296C9A5700951C77 /* ViewModels */,
				E6AB6BDF296C9A4000951C77 /* Models */,
				E6AB6BB2296C91FD00951C77 /* Ridna_MovaApp.swift */,
				E6B058B8296CACDF00F87A38 /* animals.txt */,
				E6B058B6296CACAB00F87A38 /* food.txt */,
				E6AB6BB6296C91FE00951C77 /* Assets.xcassets */,
				E6AB6BB8296C91FE00951C77 /* Preview Content */,
				E6B058C3296CAF5A00F87A38 /* Localizable.strings */,
			);
			path = "Ridna Mova";
			sourceTree = "<group>";
		};
		E6AB6BB8296C91FE00951C77 /* Preview Content */ = {
			isa = PBXGroup;
			children = (
				E6AB6BB9296C91FE00951C77 /* Preview Assets.xcassets */,
			);
			path = "Preview Content";
			sourceTree = "<group>";
		};
		E6AB6BC2296C91FE00951C77 /* Ridna MovaTests */ = {
			isa = PBXGroup;
			children = (
				E6AB6BC3296C91FE00951C77 /* Ridna_MovaTests.swift */,
			);
			path = "Ridna MovaTests";
			sourceTree = "<group>";
		};
		E6AB6BCC296C91FE00951C77 /* Ridna MovaUITests */ = {
			isa = PBXGroup;
			children = (
				E6AB6BCD296C91FE00951C77 /* Ridna_MovaUITests.swift */,
				E6AB6BCF296C91FE00951C77 /* Ridna_MovaUITestsLaunchTests.swift */,
			);
			path = "Ridna MovaUITests";
			sourceTree = "<group>";
		};
		E6AB6BDE296C9A3000951C77 /* Views */ = {
			isa = PBXGroup;
			children = (
				E6AB6BFE296CA3FF00951C77 /* Extensions */,
				E6AB6BF9296CA31C00951C77 /* Buttons */,
				E6AB6BF5296CA1B900951C77 /* HowToPlay.swift */,
				E6AB6BF7296CA27B00951C77 /* EndOfGameView.swift */,
				E6AB6C01296CA55200951C77 /* StartupView.swift */,
				E6AB6C03296CA5AA00951C77 /* CorrectAnswer.swift */,
				E6AB6C06296CA5DF00951C77 /* IncorrectAnswer.swift */,
				E6AB6C08296CA64200951C77 /* CurrRoundView.swift */,
				E6AB6C0A296CA69100951C77 /* PictureGrid.swift */,
				E6AB6C0C296CA6FA00951C77 /* CurrentStageAnswer.swift */,
				E6AB6C0E296CA73200951C77 /* TopBar.swift */,
				E6AB6C10296CA78800951C77 /* Rules.swift */,
				E6AB6C12296CA7DD00951C77 /* GameView.swift */,
				E6AB6C14296CA85A00951C77 /* MainMenu.swift */,
			);
			path = Views;
			sourceTree = "<group>";
		};
		E6AB6BDF296C9A4000951C77 /* Models */ = {
			isa = PBXGroup;
			children = (
				E6AB6BE1296C9D5500951C77 /* HowToPlayLogic.swift */,
				E6AB6BE3296C9D9000951C77 /* MainMenuLogic.swift */,
				E6AB6BE5296C9DDE00951C77 /* StartupViewLogic.swift */,
				E6AB6BE7296C9E2900951C77 /* GameLogic.swift */,
				E6AB6BE9296C9E8D00951C77 /* SpeechSynthesizer.swift */,
				E6AB6BEB296C9EEB00951C77 /* PopUp.swift */,
			);
			path = Models;
			sourceTree = "<group>";
		};
		E6AB6BE0296C9A5700951C77 /* ViewModels */ = {
			isa = PBXGroup;
			children = (
				E6AB6BED296C9F5900951C77 /* GameViewModel.swift */,
				E6AB6BEF296CA04300951C77 /* StartupViewModel.swift */,
				E6AB6BF1296CA0B700951C77 /* MainMenuViewModel.swift */,
				E6AB6BF3296CA0E400951C77 /* HowToPlayViewModel.swift */,
			);
			path = ViewModels;
			sourceTree = "<group>";
		};
		E6AB6BF9296CA31C00951C77 /* Buttons */ = {
			isa = PBXGroup;
			children = (
				E6AB6BFA296CA33C00951C77 /* UkrPlaySoundButton.swift */,
				E6AB6BFC296CA3A400951C77 /* BlackButton.swift */,
				E6B058C4296CD0F300F87A38 /* PlayHint.swift */,
			);
			path = Buttons;
			sourceTree = "<group>";
		};
		E6AB6BFE296CA3FF00951C77 /* Extensions */ = {
			isa = PBXGroup;
			children = (
				E6AB6BFF296CA42100951C77 /* VStackExtensions.swift */,
			);
			path = Extensions;
			sourceTree = "<group>";
		};
/* End PBXGroup section */

/* Begin PBXNativeTarget section */
		E6AB6BAE296C91FD00951C77 /* Ridna Mova */ = {
			isa = PBXNativeTarget;
			buildConfigurationList = E6AB6BD3296C91FE00951C77 /* Build configuration list for PBXNativeTarget "Ridna Mova" */;
			buildPhases = (
				E6AB6BAB296C91FD00951C77 /* Sources */,
				E6AB6BAC296C91FD00951C77 /* Frameworks */,
				E6AB6BAD296C91FD00951C77 /* Resources */,
			);
			buildRules = (
			);
			dependencies = (
			);
			name = "Ridna Mova";
			productName = "Ridna Mova";
			productReference = E6AB6BAF296C91FD00951C77 /* Ridna Mova.app */;
			productType = "com.apple.product-type.application";
		};
		E6AB6BBE296C91FE00951C77 /* Ridna MovaTests */ = {
			isa = PBXNativeTarget;
			buildConfigurationList = E6AB6BD6296C91FE00951C77 /* Build configuration list for PBXNativeTarget "Ridna MovaTests" */;
			buildPhases = (
				E6AB6BBB296C91FE00951C77 /* Sources */,
				E6AB6BBC296C91FE00951C77 /* Frameworks */,
				E6AB6BBD296C91FE00951C77 /* Resources */,
			);
			buildRules = (
			);
			dependencies = (
				E6AB6BC1296C91FE00951C77 /* PBXTargetDependency */,
			);
			name = "Ridna MovaTests";
			productName = "Ridna MovaTests";
			productReference = E6AB6BBF296C91FE00951C77 /* Ridna MovaTests.xctest */;
			productType = "com.apple.product-type.bundle.unit-test";
		};
		E6AB6BC8296C91FE00951C77 /* Ridna MovaUITests */ = {
			isa = PBXNativeTarget;
			buildConfigurationList = E6AB6BD9296C91FE00951C77 /* Build configuration list for PBXNativeTarget "Ridna MovaUITests" */;
			buildPhases = (
				E6AB6BC5296C91FE00951C77 /* Sources */,
				E6AB6BC6296C91FE00951C77 /* Frameworks */,
				E6AB6BC7296C91FE00951C77 /* Resources */,
			);
			buildRules = (
			);
			dependencies = (
				E6AB6BCB296C91FE00951C77 /* PBXTargetDependency */,
			);
			name = "Ridna MovaUITests";
			productName = "Ridna MovaUITests";
			productReference = E6AB6BC9296C91FE00951C77 /* Ridna MovaUITests.xctest */;
			productType = "com.apple.product-type.bundle.ui-testing";
		};
/* End PBXNativeTarget section */

/* Begin PBXProject section */
		E6AB6BA7296C91FD00951C77 /* Project object */ = {
			isa = PBXProject;
			attributes = {
				BuildIndependentTargetsInParallel = 1;
				LastSwiftUpdateCheck = 1420;
				LastUpgradeCheck = 1420;
				TargetAttributes = {
					E6AB6BAE296C91FD00951C77 = {
						CreatedOnToolsVersion = 14.2;
					};
					E6AB6BBE296C91FE00951C77 = {
						CreatedOnToolsVersion = 14.2;
						TestTargetID = E6AB6BAE296C91FD00951C77;
					};
					E6AB6BC8296C91FE00951C77 = {
						CreatedOnToolsVersion = 14.2;
						TestTargetID = E6AB6BAE296C91FD00951C77;
					};
				};
			};
			buildConfigurationList = E6AB6BAA296C91FD00951C77 /* Build configuration list for PBXProject "Ridna Mova" */;
			compatibilityVersion = "Xcode 14.0";
			developmentRegion = en;
			hasScannedForEncodings = 0;
			knownRegions = (
				en,
				Base,
			);
			mainGroup = E6AB6BA6296C91FD00951C77;
			productRefGroup = E6AB6BB0296C91FD00951C77 /* Products */;
			projectDirPath = "";
			projectRoot = "";
			targets = (
				E6AB6BAE296C91FD00951C77 /* Ridna Mova */,
				E6AB6BBE296C91FE00951C77 /* Ridna MovaTests */,
				E6AB6BC8296C91FE00951C77 /* Ridna MovaUITests */,
			);
		};
/* End PBXProject section */

/* Begin PBXResourcesBuildPhase section */
		E6AB6BAD296C91FD00951C77 /* Resources */ = {
			isa = PBXResourcesBuildPhase;
			buildActionMask = 2147483647;
			files = (
				E6B058C1296CAF5A00F87A38 /* Localizable.strings in Resources */,
				E6AB6BBA296C91FE00951C77 /* Preview Assets.xcassets in Resources */,
				E6B058B7296CACAB00F87A38 /* food.txt in Resources */,
				E6B058B9296CACDF00F87A38 /* animals.txt in Resources */,
				E6AB6BB7296C91FE00951C77 /* Assets.xcassets in Resources */,
			);
			runOnlyForDeploymentPostprocessing = 0;
		};
		E6AB6BBD296C91FE00951C77 /* Resources */ = {
			isa = PBXResourcesBuildPhase;
			buildActionMask = 2147483647;
			files = (
			);
			runOnlyForDeploymentPostprocessing = 0;
		};
		E6AB6BC7296C91FE00951C77 /* Resources */ = {
			isa = PBXResourcesBuildPhase;
			buildActionMask = 2147483647;
			files = (
			);
			runOnlyForDeploymentPostprocessing = 0;
		};
/* End PBXResourcesBuildPhase section */

/* Begin PBXSourcesBuildPhase section */
		E6AB6BAB296C91FD00951C77 /* Sources */ = {
			isa = PBXSourcesBuildPhase;
			buildActionMask = 2147483647;
			files = (
				E6AB6BE2296C9D5500951C77 /* HowToPlayLogic.swift in Sources */,
				E6AB6BEC296C9EEB00951C77 /* PopUp.swift in Sources */,
				E6AB6BF4296CA0E400951C77 /* HowToPlayViewModel.swift in Sources */,
				E6AB6C00296CA42100951C77 /* VStackExtensions.swift in Sources */,
				E6AB6C0B296CA69100951C77 /* PictureGrid.swift in Sources */,
				E6AB6BEA296C9E8D00951C77 /* SpeechSynthesizer.swift in Sources */,
				E6AB6C02296CA55200951C77 /* StartupView.swift in Sources */,
				E6AB6BF0296CA04300951C77 /* StartupViewModel.swift in Sources */,
				E6AB6BE6296C9DDE00951C77 /* StartupViewLogic.swift in Sources */,
				E6AB6C07296CA5DF00951C77 /* IncorrectAnswer.swift in Sources */,
				E6AB6C0F296CA73200951C77 /* TopBar.swift in Sources */,
				E6AB6C13296CA7DD00951C77 /* GameView.swift in Sources */,
				E6B058C5296CD0F300F87A38 /* PlayHint.swift in Sources */,
				E6AB6BE4296C9D9000951C77 /* MainMenuLogic.swift in Sources */,
				E6AB6BF2296CA0B700951C77 /* MainMenuViewModel.swift in Sources */,
				E6AB6C11296CA78800951C77 /* Rules.swift in Sources */,
				E6AB6C04296CA5AA00951C77 /* CorrectAnswer.swift in Sources */,
				E6AB6BF8296CA27B00951C77 /* EndOfGameView.swift in Sources */,
				E6AB6BFB296CA33C00951C77 /* UkrPlaySoundButton.swift in Sources */,
				E6AB6BB3296C91FD00951C77 /* Ridna_MovaApp.swift in Sources */,
				E6AB6C0D296CA6FA00951C77 /* CurrentStageAnswer.swift in Sources */,
				E6AB6BEE296C9F5900951C77 /* GameViewModel.swift in Sources */,
				E6AB6C15296CA85A00951C77 /* MainMenu.swift in Sources */,
				E6AB6BE8296C9E2900951C77 /* GameLogic.swift in Sources */,
				E6AB6BFD296CA3A400951C77 /* BlackButton.swift in Sources */,
				E6AB6C09296CA64200951C77 /* CurrRoundView.swift in Sources */,
				E6AB6BF6296CA1B900951C77 /* HowToPlay.swift in Sources */,
			);
			runOnlyForDeploymentPostprocessing = 0;
		};
		E6AB6BBB296C91FE00951C77 /* Sources */ = {
			isa = PBXSourcesBuildPhase;
			buildActionMask = 2147483647;
			files = (
				E6AB6BC4296C91FE00951C77 /* Ridna_MovaTests.swift in Sources */,
			);
			runOnlyForDeploymentPostprocessing = 0;
		};
		E6AB6BC5296C91FE00951C77 /* Sources */ = {
			isa = PBXSourcesBuildPhase;
			buildActionMask = 2147483647;
			files = (
				E6AB6BD0296C91FE00951C77 /* Ridna_MovaUITestsLaunchTests.swift in Sources */,
				E6AB6BCE296C91FE00951C77 /* Ridna_MovaUITests.swift in Sources */,
			);
			runOnlyForDeploymentPostprocessing = 0;
		};
/* End PBXSourcesBuildPhase section */

/* Begin PBXTargetDependency section */
		E6AB6BC1296C91FE00951C77 /* PBXTargetDependency */ = {
			isa = PBXTargetDependency;
			target = E6AB6BAE296C91FD00951C77 /* Ridna Mova */;
			targetProxy = E6AB6BC0296C91FE00951C77 /* PBXContainerItemProxy */;
		};
		E6AB6BCB296C91FE00951C77 /* PBXTargetDependency */ = {
			isa = PBXTargetDependency;
			target = E6AB6BAE296C91FD00951C77 /* Ridna Mova */;
			targetProxy = E6AB6BCA296C91FE00951C77 /* PBXContainerItemProxy */;
		};
/* End PBXTargetDependency section */

/* Begin PBXVariantGroup section */
		E6B058C3296CAF5A00F87A38 /* Localizable.strings */ = {
			isa = PBXVariantGroup;
			children = (
				E6B058C2296CAF5A00F87A38 /* en */,
			);
			name = Localizable.strings;
			sourceTree = "<group>";
		};
/* End PBXVariantGroup section */

/* Begin XCBuildConfiguration section */
		E6AB6BD1296C91FE00951C77 /* Debug */ = {
			isa = XCBuildConfiguration;
			buildSettings = {
				ALWAYS_SEARCH_USER_PATHS = NO;
				CLANG_ANALYZER_NONNULL = YES;
				CLANG_ANALYZER_NUMBER_OBJECT_CONVERSION = YES_AGGRESSIVE;
				CLANG_CXX_LANGUAGE_STANDARD = "gnu++20";
				CLANG_ENABLE_MODULES = YES;
				CLANG_ENABLE_OBJC_ARC = YES;
				CLANG_ENABLE_OBJC_WEAK = YES;
				CLANG_WARN_BLOCK_CAPTURE_AUTORELEASING = YES;
				CLANG_WARN_BOOL_CONVERSION = YES;
				CLANG_WARN_COMMA = YES;
				CLANG_WARN_CONSTANT_CONVERSION = YES;
				CLANG_WARN_DEPRECATED_OBJC_IMPLEMENTATIONS = YES;
				CLANG_WARN_DIRECT_OBJC_ISA_USAGE = YES_ERROR;
				CLANG_WARN_DOCUMENTATION_COMMENTS = YES;
				CLANG_WARN_EMPTY_BODY = YES;
				CLANG_WARN_ENUM_CONVERSION = YES;
				CLANG_WARN_INFINITE_RECURSION = YES;
				CLANG_WARN_INT_CONVERSION = YES;
				CLANG_WARN_NON_LITERAL_NULL_CONVERSION = YES;
				CLANG_WARN_OBJC_IMPLICIT_RETAIN_SELF = YES;
				CLANG_WARN_OBJC_LITERAL_CONVERSION = YES;
				CLANG_WARN_OBJC_ROOT_CLASS = YES_ERROR;
				CLANG_WARN_QUOTED_INCLUDE_IN_FRAMEWORK_HEADER = YES;
				CLANG_WARN_RANGE_LOOP_ANALYSIS = YES;
				CLANG_WARN_STRICT_PROTOTYPES = YES;
				CLANG_WARN_SUSPICIOUS_MOVE = YES;
				CLANG_WARN_UNGUARDED_AVAILABILITY = YES_AGGRESSIVE;
				CLANG_WARN_UNREACHABLE_CODE = YES;
				CLANG_WARN__DUPLICATE_METHOD_MATCH = YES;
				COPY_PHASE_STRIP = NO;
				DEBUG_INFORMATION_FORMAT = dwarf;
				ENABLE_STRICT_OBJC_MSGSEND = YES;
				ENABLE_TESTABILITY = YES;
				GCC_C_LANGUAGE_STANDARD = gnu11;
				GCC_DYNAMIC_NO_PIC = NO;
				GCC_NO_COMMON_BLOCKS = YES;
				GCC_OPTIMIZATION_LEVEL = 0;
				GCC_PREPROCESSOR_DEFINITIONS = (
					"DEBUG=1",
					"$(inherited)",
				);
				GCC_WARN_64_TO_32_BIT_CONVERSION = YES;
				GCC_WARN_ABOUT_RETURN_TYPE = YES_ERROR;
				GCC_WARN_UNDECLARED_SELECTOR = YES;
				GCC_WARN_UNINITIALIZED_AUTOS = YES_AGGRESSIVE;
				GCC_WARN_UNUSED_FUNCTION = YES;
				GCC_WARN_UNUSED_VARIABLE = YES;
				IPHONEOS_DEPLOYMENT_TARGET = 16.2;
				MTL_ENABLE_DEBUG_INFO = INCLUDE_SOURCE;
				MTL_FAST_MATH = YES;
				ONLY_ACTIVE_ARCH = YES;
				SDKROOT = iphoneos;
				SWIFT_ACTIVE_COMPILATION_CONDITIONS = DEBUG;
				SWIFT_OPTIMIZATION_LEVEL = "-Onone";
			};
			name = Debug;
		};
		E6AB6BD2296C91FE00951C77 /* Release */ = {
			isa = XCBuildConfiguration;
			buildSettings = {
				ALWAYS_SEARCH_USER_PATHS = NO;
				CLANG_ANALYZER_NONNULL = YES;
				CLANG_ANALYZER_NUMBER_OBJECT_CONVERSION = YES_AGGRESSIVE;
				CLANG_CXX_LANGUAGE_STANDARD = "gnu++20";
				CLANG_ENABLE_MODULES = YES;
				CLANG_ENABLE_OBJC_ARC = YES;
				CLANG_ENABLE_OBJC_WEAK = YES;
				CLANG_WARN_BLOCK_CAPTURE_AUTORELEASING = YES;
				CLANG_WARN_BOOL_CONVERSION = YES;
				CLANG_WARN_COMMA = YES;
				CLANG_WARN_CONSTANT_CONVERSION = YES;
				CLANG_WARN_DEPRECATED_OBJC_IMPLEMENTATIONS = YES;
				CLANG_WARN_DIRECT_OBJC_ISA_USAGE = YES_ERROR;
				CLANG_WARN_DOCUMENTATION_COMMENTS = YES;
				CLANG_WARN_EMPTY_BODY = YES;
				CLANG_WARN_ENUM_CONVERSION = YES;
				CLANG_WARN_INFINITE_RECURSION = YES;
				CLANG_WARN_INT_CONVERSION = YES;
				CLANG_WARN_NON_LITERAL_NULL_CONVERSION = YES;
				CLANG_WARN_OBJC_IMPLICIT_RETAIN_SELF = YES;
				CLANG_WARN_OBJC_LITERAL_CONVERSION = YES;
				CLANG_WARN_OBJC_ROOT_CLASS = YES_ERROR;
				CLANG_WARN_QUOTED_INCLUDE_IN_FRAMEWORK_HEADER = YES;
				CLANG_WARN_RANGE_LOOP_ANALYSIS = YES;
				CLANG_WARN_STRICT_PROTOTYPES = YES;
				CLANG_WARN_SUSPICIOUS_MOVE = YES;
				CLANG_WARN_UNGUARDED_AVAILABILITY = YES_AGGRESSIVE;
				CLANG_WARN_UNREACHABLE_CODE = YES;
				CLANG_WARN__DUPLICATE_METHOD_MATCH = YES;
				COPY_PHASE_STRIP = NO;
				DEBUG_INFORMATION_FORMAT = "dwarf-with-dsym";
				ENABLE_NS_ASSERTIONS = NO;
				ENABLE_STRICT_OBJC_MSGSEND = YES;
				GCC_C_LANGUAGE_STANDARD = gnu11;
				GCC_NO_COMMON_BLOCKS = YES;
				GCC_WARN_64_TO_32_BIT_CONVERSION = YES;
				GCC_WARN_ABOUT_RETURN_TYPE = YES_ERROR;
				GCC_WARN_UNDECLARED_SELECTOR = YES;
				GCC_WARN_UNINITIALIZED_AUTOS = YES_AGGRESSIVE;
				GCC_WARN_UNUSED_FUNCTION = YES;
				GCC_WARN_UNUSED_VARIABLE = YES;
				IPHONEOS_DEPLOYMENT_TARGET = 16.2;
				MTL_ENABLE_DEBUG_INFO = NO;
				MTL_FAST_MATH = YES;
				SDKROOT = iphoneos;
				SWIFT_COMPILATION_MODE = wholemodule;
				SWIFT_OPTIMIZATION_LEVEL = "-O";
				VALIDATE_PRODUCT = YES;
			};
			name = Release;
		};
		E6AB6BD4296C91FE00951C77 /* Debug */ = {
			isa = XCBuildConfiguration;
			buildSettings = {
				ASSETCATALOG_COMPILER_APPICON_NAME = AppIcon;
				ASSETCATALOG_COMPILER_GLOBAL_ACCENT_COLOR_NAME = AccentColor;
				CODE_SIGN_STYLE = Automatic;
				CURRENT_PROJECT_VERSION = 1;
				DEVELOPMENT_ASSET_PATHS = "\"Ridna Mova/Preview Content\"";
				DEVELOPMENT_TEAM = TFX2DTSXL2;
				ENABLE_PREVIEWS = YES;
				GENERATE_INFOPLIST_FILE = YES;
				INFOPLIST_KEY_CFBundleDisplayName = "Ridna Mova";
				INFOPLIST_KEY_LSApplicationCategoryType = "public.app-category.word-games";
				INFOPLIST_KEY_UIApplicationSceneManifest_Generation = YES;
				INFOPLIST_KEY_UIApplicationSupportsIndirectInputEvents = YES;
				INFOPLIST_KEY_UILaunchScreen_Generation = YES;
				INFOPLIST_KEY_UIStatusBarStyle = "";
				INFOPLIST_KEY_UISupportedInterfaceOrientations = "UIInterfaceOrientationPortrait UIInterfaceOrientationPortraitUpsideDown";
				LD_RUNPATH_SEARCH_PATHS = (
					"$(inherited)",
					"@executable_path/Frameworks",
				);
				MARKETING_VERSION = 1.0;
				PRODUCT_BUNDLE_IDENTIFIER = "yevheniiganusich.Ridna-Mova";
				PRODUCT_NAME = "$(TARGET_NAME)";
				SWIFT_EMIT_LOC_STRINGS = YES;
				SWIFT_VERSION = 5.0;
				TARGETED_DEVICE_FAMILY = "1,2";
			};
			name = Debug;
		};
		E6AB6BD5296C91FE00951C77 /* Release */ = {
			isa = XCBuildConfiguration;
			buildSettings = {
				ASSETCATALOG_COMPILER_APPICON_NAME = AppIcon;
				ASSETCATALOG_COMPILER_GLOBAL_ACCENT_COLOR_NAME = AccentColor;
				CODE_SIGN_STYLE = Automatic;
				CURRENT_PROJECT_VERSION = 1;
				DEVELOPMENT_ASSET_PATHS = "\"Ridna Mova/Preview Content\"";
				DEVELOPMENT_TEAM = TFX2DTSXL2;
				ENABLE_PREVIEWS = YES;
				GENERATE_INFOPLIST_FILE = YES;
				INFOPLIST_KEY_CFBundleDisplayName = "Ridna Mova";
				INFOPLIST_KEY_LSApplicationCategoryType = "public.app-category.word-games";
				INFOPLIST_KEY_UIApplicationSceneManifest_Generation = YES;
				INFOPLIST_KEY_UIApplicationSupportsIndirectInputEvents = YES;
				INFOPLIST_KEY_UILaunchScreen_Generation = YES;
				INFOPLIST_KEY_UIStatusBarStyle = "";
				INFOPLIST_KEY_UISupportedInterfaceOrientations = "UIInterfaceOrientationPortrait UIInterfaceOrientationPortraitUpsideDown";
				LD_RUNPATH_SEARCH_PATHS = (
					"$(inherited)",
					"@executable_path/Frameworks",
				);
				MARKETING_VERSION = 1.0;
				PRODUCT_BUNDLE_IDENTIFIER = "yevheniiganusich.Ridna-Mova";
				PRODUCT_NAME = "$(TARGET_NAME)";
				SWIFT_EMIT_LOC_STRINGS = YES;
				SWIFT_VERSION = 5.0;
				TARGETED_DEVICE_FAMILY = "1,2";
			};
			name = Release;
		};
		E6AB6BD7296C91FE00951C77 /* Debug */ = {
			isa = XCBuildConfiguration;
			buildSettings = {
				ALWAYS_EMBED_SWIFT_STANDARD_LIBRARIES = YES;
				BUNDLE_LOADER = "$(TEST_HOST)";
				CODE_SIGN_STYLE = Automatic;
				CURRENT_PROJECT_VERSION = 1;
				DEVELOPMENT_TEAM = TFX2DTSXL2;
				GENERATE_INFOPLIST_FILE = YES;
				IPHONEOS_DEPLOYMENT_TARGET = 16.2;
				MARKETING_VERSION = 1.0;
				PRODUCT_BUNDLE_IDENTIFIER = "yevheniiganusich.Ridna-MovaTests";
				PRODUCT_NAME = "$(TARGET_NAME)";
				SWIFT_EMIT_LOC_STRINGS = NO;
				SWIFT_VERSION = 5.0;
				TARGETED_DEVICE_FAMILY = "1,2";
				TEST_HOST = "$(BUILT_PRODUCTS_DIR)/Ridna Mova.app/$(BUNDLE_EXECUTABLE_FOLDER_PATH)/Ridna Mova";
			};
			name = Debug;
		};
		E6AB6BD8296C91FE00951C77 /* Release */ = {
			isa = XCBuildConfiguration;
			buildSettings = {
				ALWAYS_EMBED_SWIFT_STANDARD_LIBRARIES = YES;
				BUNDLE_LOADER = "$(TEST_HOST)";
				CODE_SIGN_STYLE = Automatic;
				CURRENT_PROJECT_VERSION = 1;
				DEVELOPMENT_TEAM = TFX2DTSXL2;
				GENERATE_INFOPLIST_FILE = YES;
				IPHONEOS_DEPLOYMENT_TARGET = 16.2;
				MARKETING_VERSION = 1.0;
				PRODUCT_BUNDLE_IDENTIFIER = "yevheniiganusich.Ridna-MovaTests";
				PRODUCT_NAME = "$(TARGET_NAME)";
				SWIFT_EMIT_LOC_STRINGS = NO;
				SWIFT_VERSION = 5.0;
				TARGETED_DEVICE_FAMILY = "1,2";
				TEST_HOST = "$(BUILT_PRODUCTS_DIR)/Ridna Mova.app/$(BUNDLE_EXECUTABLE_FOLDER_PATH)/Ridna Mova";
			};
			name = Release;
		};
		E6AB6BDA296C91FE00951C77 /* Debug */ = {
			isa = XCBuildConfiguration;
			buildSettings = {
				ALWAYS_EMBED_SWIFT_STANDARD_LIBRARIES = YES;
				CODE_SIGN_STYLE = Automatic;
				CURRENT_PROJECT_VERSION = 1;
				DEVELOPMENT_TEAM = TFX2DTSXL2;
				GENERATE_INFOPLIST_FILE = YES;
				MARKETING_VERSION = 1.0;
				PRODUCT_BUNDLE_IDENTIFIER = "yevheniiganusich.Ridna-MovaUITests";
				PRODUCT_NAME = "$(TARGET_NAME)";
				SWIFT_EMIT_LOC_STRINGS = NO;
				SWIFT_VERSION = 5.0;
				TARGETED_DEVICE_FAMILY = "1,2";
				TEST_TARGET_NAME = "Ridna Mova";
			};
			name = Debug;
		};
		E6AB6BDB296C91FE00951C77 /* Release */ = {
			isa = XCBuildConfiguration;
			buildSettings = {
				ALWAYS_EMBED_SWIFT_STANDARD_LIBRARIES = YES;
				CODE_SIGN_STYLE = Automatic;
				CURRENT_PROJECT_VERSION = 1;
				DEVELOPMENT_TEAM = TFX2DTSXL2;
				GENERATE_INFOPLIST_FILE = YES;
				MARKETING_VERSION = 1.0;
				PRODUCT_BUNDLE_IDENTIFIER = "yevheniiganusich.Ridna-MovaUITests";
				PRODUCT_NAME = "$(TARGET_NAME)";
				SWIFT_EMIT_LOC_STRINGS = NO;
				SWIFT_VERSION = 5.0;
				TARGETED_DEVICE_FAMILY = "1,2";
				TEST_TARGET_NAME = "Ridna Mova";
			};
			name = Release;
		};
/* End XCBuildConfiguration section */

/* Begin XCConfigurationList section */
		E6AB6BAA296C91FD00951C77 /* Build configuration list for PBXProject "Ridna Mova" */ = {
			isa = XCConfigurationList;
			buildConfigurations = (
				E6AB6BD1296C91FE00951C77 /* Debug */,
				E6AB6BD2296C91FE00951C77 /* Release */,
			);
			defaultConfigurationIsVisible = 0;
			defaultConfigurationName = Release;
		};
		E6AB6BD3296C91FE00951C77 /* Build configuration list for PBXNativeTarget "Ridna Mova" */ = {
			isa = XCConfigurationList;
			buildConfigurations = (
				E6AB6BD4296C91FE00951C77 /* Debug */,
				E6AB6BD5296C91FE00951C77 /* Release */,
			);
			defaultConfigurationIsVisible = 0;
			defaultConfigurationName = Release;
		};
		E6AB6BD6296C91FE00951C77 /* Build configuration list for PBXNativeTarget "Ridna MovaTests" */ = {
			isa = XCConfigurationList;
			buildConfigurations = (
				E6AB6BD7296C91FE00951C77 /* Debug */,
				E6AB6BD8296C91FE00951C77 /* Release */,
			);
			defaultConfigurationIsVisible = 0;
			defaultConfigurationName = Release;
		};
		E6AB6BD9296C91FE00951C77 /* Build configuration list for PBXNativeTarget "Ridna MovaUITests" */ = {
			isa = XCConfigurationList;
			buildConfigurations = (
				E6AB6BDA296C91FE00951C77 /* Debug */,
				E6AB6BDB296C91FE00951C77 /* Release */,
			);
			defaultConfigurationIsVisible = 0;
			defaultConfigurationName = Release;
		};
/* End XCConfigurationList section */
	};
	rootObject = E6AB6BA7296C91FD00951C77 /* Project object */;
}
